
Microsoft Visual Studio Solution File, Format Version 12.00
# Visual Studio 15
VisualStudioVersion = 15.0.27130.2027
MinimumVisualStudioVersion = 10.0.40219.1
Project("{FAE04EC0-301F-11D3-BF4B-00C04F79EFBC}") = "Pies", "Pies.csproj", "{F9404EAF-C619-4352-A7AC-472FF5785150}"
EndProject
Global
	GlobalSection(SolutionConfigurationPlatforms) = preSolution
		Debug|Any CPU = Debug|Any CPU
		Release|Any CPU = Release|Any CPU
	EndGlobalSection
	GlobalSection(ProjectConfigurationPlatforms) = postSolution
		{F9404EAF-C619-4352-A7AC-472FF5785150}.Debug|Any CPU.ActiveCfg = Debug|Any CPU
		{F9404EAF-C619-4352-A7AC-472FF5785150}.Debug|Any CPU.Build.0 = Debug|Any CPU
		{F9404EAF-C619-4352-A7AC-472FF5785150}.Release|Any CPU.ActiveCfg = Release|Any CPU
		{F9404EAF-C619-4352-A7AC-472FF5785150}.Release|Any CPU.Build.0 = Release|Any CPU
	EndGlobalSection
	GlobalSection(SolutionProperties) = preSolution
		HideSolutionNode = FALSE
	EndGlobalSection
	GlobalSection(ExtensibilityGlobals) = postSolution
		SolutionGuid = {C6278F89-12E2-4D73-A4C9-1D7D4C2180D6}
	EndGlobalSection
EndGlobal
